<?xml version="1.0" encoding="utf-8"?>
<Project ToolsVersion="4.0" xmlns="http://schemas.microsoft.com/developer/msbuild/2003">
  <ItemGroup>
    <ApplicationDefinition Include="App.xaml" />
  </ItemGroup>
  <ItemGroup>
    <Midl Include="App.idl" />
  </ItemGroup>
  <ItemGroup>
    <ClCompile Include="pch.cpp" />
    <ClCompile Include="App.cpp" />
    <ClCompile Include="$(GeneratedFilesDir)module.g.cpp" />
    <ClCompile Include="main.cpp" />
    <ClCompile Include="MainWindow.cpp" />
    <ClCompile Include="RootPage.cpp">
      <Filter>Pages</Filter>
    </ClCompile>
  </ItemGroup>
  <ItemGroup>
    <ClInclude Include="pch.h" />
    <ClInclude Include="MainWindow.h" />
    <ClInclude Include="resource.h">
      <Filter>Resources</Filter>
    </ClInclude>
    <ClInclude Include="RootPage.h">
      <Filter>Pages</Filter>
    </ClInclude>
    <ClInclude Include="XamlWindow.h" />
  </ItemGroup>
  <ItemGroup>
    <Filter Include="Pages">
      <UniqueIdentifier>{30ac53e6-fb5b-4035-8150-913623452213}</UniqueIdentifier>
    </Filter>
    <Filter Include="Services">
      <UniqueIdentifier>{801d256c-217d-4b4c-a9a9-c40663b4dffe}</UniqueIdentifier>
    </Filter>
    <Filter Include="Models">
      <UniqueIdentifier>{8d78810f-671d-4793-9320-65078af2d7ec}</UniqueIdentifier>
    </Filter>
    <Filter Include="Strings">
      <UniqueIdentifier>{66be9bb7-57ad-4efd-82b1-ac88ca76677f}</UniqueIdentifier>
    </Filter>
    <Filter Include="Helpers">
      <UniqueIdentifier>{36c62660-b63e-423f-a335-8566a408f26b}</UniqueIdentifier>
    </Filter>
    <Filter Include="Styles">
      <UniqueIdentifier>{6d76e40d-2556-40eb-80dc-8a40b0f8ce6c}</UniqueIdentifier>
    </Filter>
    <Filter Include="Resources">
      <UniqueIdentifier>{9a07185b-4b7a-4faa-9530-8b347343c9e8}</UniqueIdentifier>
    </Filter>
  </ItemGroup>
  <ItemGroup>
    <None Include="packages.config" />
    <None Include="TextBlockHelper.idl">
      <Filter>Helpers</Filter>
    </None>
    <None Include="TextMenuFlyout.idl">
      <Filter>Helpers</Filter>
    </None>
    <None Include="Resources.language-hu.resw">
      <Filter>Strings</Filter>
    </None>
    <None Include="Resources.language-ka.resw">
      <Filter>Strings</Filter>
    </None>
  </ItemGroup>
  <ItemGroup>
    <Page Include="KeyVisual.Resource.xaml">
      <Filter>Controls</Filter>
    </Page>
    <Page Include="SettingsCard.Resource.xaml">
      <Filter>Controls</Filter>
    </Page>
    <Page Include="SettingsExpander.Resource.xaml">
      <Filter>Controls</Filter>
    </Page>
    <Page Include="SettingsGroup.Resource.xaml">
      <Filter>Controls</Filter>
    </Page>
    <Page Include="RootPage.xaml">
      <Filter>Pages</Filter>
    </Page>
  </ItemGroup>
  <ItemGroup>
    <PRIResource Include="Resources.language-zh-Hans.resw">
      <Filter>Strings</Filter>
    </PRIResource>
    <PRIResource Include="Resources.language-en-US.resw">
      <Filter>Strings</Filter>
    </PRIResource>
    <PRIResource Include="Resources.language-ru.resw">
      <Filter>Strings</Filter>
    </PRIResource>
    <PRIResource Include="Resources.language-zh-Hant.resw">
      <Filter>Strings</Filter>
    </PRIResource>
    <PRIResource Include="Resources.language-ja.resw">
      <Filter>Strings</Filter>
    </PRIResource>
    <PRIResource Include="Resources.language-es.resw">
      <Filter>Strings</Filter>
    </PRIResource>
    <PRIResource Include="Resources.language-tr.resw">
      <Filter>Strings</Filter>
    </PRIResource>
    <PRIResource Include="Resources.language-uk.resw">
      <Filter>Strings</Filter>
    </PRIResource>
    <PRIResource Include="Resources.language-ko.resw">
      <Filter>Strings</Filter>
    </PRIResource>
    <PRIResource Include="Resources.language-pt-BR.resw">
      <Filter>Strings</Filter>
    </PRIResource>
    <PRIResource Include="Resources.language-it.resw">
      <Filter>Strings</Filter>
    </PRIResource>
    <PRIResource Include="Resources.language-de.resw">
      <Filter>Strings</Filter>
    </PRIResource>
    <PRIResource Include="Resources.language-fr.resw">
      <Filter>Strings</Filter>
    </PRIResource>
    <PRIResource Include="Resources.language-id.resw">
      <Filter>Strings</Filter>
    </PRIResource>
    <PRIResource Include="Resources.language-vi.resw">
      <Filter>Strings</Filter>
    </PRIResource>
    <PRIResource Include="Resources.language-pl.resw">
      <Filter>Strings</Filter>
    </PRIResource>
    <PRIResource Include="Resources.language-ta.resw">
      <Filter>Strings</Filter>
    </PRIResource>
  </ItemGroup>
  <ItemGroup>
    <Text Include="conanfile.txt" />
  </ItemGroup>
  <ItemGroup>
    <Manifest Include="app.manifest" />
  </ItemGroup>
  <ItemGroup>
    <Natvis Include="$(MSBuildThisFileDirectory)..\..\natvis\wil.natvis" />
    <Natvis Include="$(MSBuildThisFileDirectory)..\..\natvis\wil.natstepfilter" />
  </ItemGroup>
  <ItemGroup>
    <ResourceCompile Include="Magpie.rc">
      <Filter>Resources</Filter>
    </ResourceCompile>
  </ItemGroup>
  <ItemGroup>
    <Image Include="Magpie.ico">
      <Filter>Resources</Filter>
    </Image>
  </ItemGroup>
</Project>
